
Microsoft Visual Studio Solution File, Format Version 12.00
# Visual Studio Version 17
VisualStudioVersion = 17.5.002.0
MinimumVisualStudioVersion = 10.0.40219.1
Project("{9A19103F-16F7-4668-BE54-9A1E7A4F7556}") = "wasm", "wasm.csproj", "{A0CE164D-1CDD-41F2-A558-FD89D6FDC1DA}"
EndProject
Global
	GlobalSection(SolutionConfigurationPlatforms) = preSolution
		Debug|Any CPU = Debug|Any CPU
		Release|Any CPU = Release|Any CPU
	EndGlobalSection
	GlobalSection(ProjectConfigurationPlatforms) = postSolution
		{A0CE164D-1CDD-41F2-A558-FD89D6FDC1DA}.Debug|Any CPU.ActiveCfg = Debug|Any CPU
		{A0CE164D-1CDD-41F2-A558-FD89D6FDC1DA}.Debug|Any CPU.Build.0 = Debug|Any CPU
		{A0CE164D-1CDD-41F2-A558-FD89D6FDC1DA}.Release|Any CPU.ActiveCfg = Release|Any CPU
		{A0CE164D-1CDD-41F2-A558-FD89D6FDC1DA}.Release|Any CPU.Build.0 = Release|Any CPU
	EndGlobalSection
	GlobalSection(SolutionProperties) = preSolution
		HideSolutionNode = FALSE
	EndGlobalSection
	GlobalSection(ExtensibilityGlobals) = postSolution
		SolutionGuid = {FA3C8D79-BED7-4B42-98D3-5FA4F64C1F8F}
	EndGlobalSection
EndGlobal
